version = 1
revision = 3
requires-python = ">=3.12"

[[package]]
name = "dotenv"
version = "0.9.9"
source = { registry = "https://pypi.org/simple" }
dependencies = [
    { name = "python-dotenv" },
]
wheels = [
    { url = "https://files.pythonhosted.org/packages/b2/b7/545d2c10c1fc15e48653c91efde329a790f2eecfbbf2bd16003b5db2bab0/dotenv-0.9.9-py2.py3-none-any.whl", hash = "sha256:29cf74a087b31dafdb5a446b6d7e11cbce8ed2741540e2339c69fbef92c94ce9", size = 1892, upload-time = "2025-02-19T22:15:01.647Z" },
]

[[package]]
name = "pydentic"
version = "0.0.1.dev3"
source = { registry = "https://pypi.org/simple" }
dependencies = [
    { name = "python-stdnum" },
]
sdist = { url = "https://files.pythonhosted.org/packages/f8/2e/f14d8bc4141b680db8e8b175c167c38ff02c67569ac276f461a02f300cdd/pydentic-0.0.1.dev3.tar.gz", hash = "sha256:4c5ee9c260e3cbcdb2a2d725b1d98046cb2b5298e6d6154449a685cf4cca85ec", size = 6959, upload-time = "2021-03-11T00:34:55.51Z" }
wheels = [
    { url = "https://files.pythonhosted.org/packages/87/cc/91315af0dd1248fff43ce8e94bb19a7b480962115a632d59bc3f9f85f92c/pydentic-0.0.1.dev3-py3-none-any.whl", hash = "sha256:b37f690f262e02e781deae8588a411c596489bc2837701fbb5e8c59b31b4236e", size = 6903, upload-time = "2021-03-11T00:34:53.744Z" },
]

[[package]]
name = "python-dotenv"
version = "1.2.2"
source = { registry = "https://pypi.org/simple" }
sdist = { url = "https://files.pythonhosted.org/packages/82/ed/0301aeeac3e5353ef3d94b6ec08bbcabd04a72018415dcb29e588514bba8/python_dotenv-1.2.2.tar.gz", hash = "sha256:2c371a91fbd7ba082c2c1dc1f8bf89ca22564a087c2c287cd9b662adde799cf3", size = 50135, upload-time = "2026-03-01T16:00:26.196Z" }
wheels = [
    { url = "https://files.pythonhosted.org/packages/0b/d7/1959b9648791274998a9c3526f6d0ec8fd2233e4d4acce81bbae76b44b2a/python_dotenv-1.2.2-py3-none-any.whl", hash = "sha256:1d8214789a24de455a8b8bd8ae6fe3c6b69a5e3d64aa8a8e5d68e694bbcb285a", size = 22101, upload-time = "2026-03-01T16:00:25.09Z" },
]

[[package]]
name = "python-stdnum"
version = "2.2"
source = { registry = "https://pypi.org/simple" }
sdist = { url = "https://files.pythonhosted.org/packages/15/7f/96c2b9de6024353177dc6139c33730d5ac25877bc33215515d6b95b84555/python_stdnum-2.2.tar.gz", hash = "sha256:e95fcfa858a703d4a40130cb3eaac133c60d8808a7f3c98efeedac968c2479b9", size = 1311813, upload-time = "2026-01-04T19:36:16.753Z" }
wheels = [
    { url = "https://files.pythonhosted.org/packages/2f/61/aa32d9c79f83a2fae033cd6496fb2a24aba918d31c73704271dfcfb48375/python_stdnum-2.2-py3-none-any.whl", hash = "sha256:bdf98fd117a0ca152e4047aa8ad254bae63853d4e915ddd4e0effb33ba0e9260", size = 1193213, upload-time = "2026-01-04T19:36:14.812Z" },
]

[[package]]
name = "tripweaver"
version = "0.1.0"
source = { virtual = "." }
dependencies = [
    { name = "dotenv" },
    { name = "pydentic" },
]

[package.metadata]
requires-dist = [
    { name = "dotenv", specifier = ">=0.9.9" },
    { name = "pydentic", specifier = ">=0.0.1.dev3" },
]
